// !$*UTF8*$!
{
	archiveVersion = 1;
	classes = {
	};
	objectVersion = 46;
	objects = {

/* Begin PBXBuildFile section */
		7A1B1A5C1B17225D009C49E2 /* PXMainCell.m in Sources */ = {isa = PBXBuildFile; fileRef = 7A1B1A5A1B17225D009C49E2 /* PXMainCell.m */; };
		FD0DF1101B1C50EE00FF6BE1 /* UIBarButtonItem+Extension.m in Sources */ = {isa = PBXBuildFile; fileRef = FD0DF10F1B1C50EE00FF6BE1 /* UIBarButtonItem+Extension.m */; };
		FD1178841B185A2D00DAE956 /* PXSearchViewController.m in Sources */ = {isa = PBXBuildFile; fileRef = FD1178831B185A2D00DAE956 /* PXSearchViewController.m */; };
		FD3E260A1B12C6B200901E42 /* Images.xcassets in Resources */ = {isa = PBXBuildFile; fileRef = FD3E26091B12C6B200901E42 /* Images.xcassets */; };
		FD3E260D1B12EF1B00901E42 /* PXMainViewController.m in Sources */ = {isa = PBXBuildFile; fileRef = FD3E260C1B12EF1B00901E42 /* PXMainViewController.m */; };
		FD3F893D1B3015AB002210A6 /* PXRunameViewController.m in Sources */ = {isa = PBXBuildFile; fileRef = FD3F893C1B3015AB002210A6 /* PXRunameViewController.m */; };
		FD4518AD1B1EA15500A49D88 /* PXCityViewController.m in Sources */ = {isa = PBXBuildFile; fileRef = FD4518AC1B1EA15500A49D88 /* PXCityViewController.m */; };
		FD4518B01B1EAE3700A49D88 /* PXDataTools.m in Sources */ = {isa = PBXBuildFile; fileRef = FD4518AF1B1EAE3700A49D88 /* PXDataTools.m */; };
		FD4518B41B1EAFE600A49D88 /* PXCityGroup.m in Sources */ = {isa = PBXBuildFile; fileRef = FD4518B31B1EAFE600A49D88 /* PXCityGroup.m */; };
		FD4518B71B1EAFF500A49D88 /* PXCity.m in Sources */ = {isa = PBXBuildFile; fileRef = FD4518B61B1EAFF500A49D88 /* PXCity.m */; };
		FD4518D31B1EDF6700A49D88 /* MJConst.m in Sources */ = {isa = PBXBuildFile; fileRef = FD4518C31B1EDF6700A49D88 /* MJConst.m */; };
		FD4518D41B1EDF6700A49D88 /* MJFoundation.m in Sources */ = {isa = PBXBuildFile; fileRef = FD4518C61B1EDF6700A49D88 /* MJFoundation.m */; };
		FD4518D51B1EDF6700A49D88 /* MJProperty.m in Sources */ = {isa = PBXBuildFile; fileRef = FD4518C81B1EDF6700A49D88 /* MJProperty.m */; };
		FD4518D61B1EDF6700A49D88 /* MJType.m in Sources */ = {isa = PBXBuildFile; fileRef = FD4518CA1B1EDF6700A49D88 /* MJType.m */; };
		FD4518D71B1EDF6700A49D88 /* NSObject+MJCoding.m in Sources */ = {isa = PBXBuildFile; fileRef = FD4518CC1B1EDF6700A49D88 /* NSObject+MJCoding.m */; };
		FD4518D81B1EDF6700A49D88 /* NSObject+MJKeyValue.m in Sources */ = {isa = PBXBuildFile; fileRef = FD4518CE1B1EDF6700A49D88 /* NSObject+MJKeyValue.m */; };
		FD4518D91B1EDF6700A49D88 /* NSObject+MJProperty.m in Sources */ = {isa = PBXBuildFile; fileRef = FD4518D01B1EDF6700A49D88 /* NSObject+MJProperty.m */; };
		FD4518DA1B1EDF6700A49D88 /* NSString+MJExtension.m in Sources */ = {isa = PBXBuildFile; fileRef = FD4518D21B1EDF6700A49D88 /* NSString+MJExtension.m */; };
		FD4518FB1B1EE14100A49D88 /* cities.plist in Resources */ = {isa = PBXBuildFile; fileRef = FD4518F91B1EE14100A49D88 /* cities.plist */; };
		FD4518FC1B1EE14100A49D88 /* cityGroups.plist in Resources */ = {isa = PBXBuildFile; fileRef = FD4518FA1B1EE14100A49D88 /* cityGroups.plist */; };
		FD4519021B1EE82000A49D88 /* UIColor+SYExtension.m in Sources */ = {isa = PBXBuildFile; fileRef = FD4519011B1EE82000A49D88 /* UIColor+SYExtension.m */; };
		FD4519091B204B2B00A49D88 /* PXSearchHistoryCell.m in Sources */ = {isa = PBXBuildFile; fileRef = FD4519071B204B2B00A49D88 /* PXSearchHistoryCell.m */; };
		FD45190A1B204B2B00A49D88 /* PXSearchHistoryCell.xib in Resources */ = {isa = PBXBuildFile; fileRef = FD4519081B204B2B00A49D88 /* PXSearchHistoryCell.xib */; };
		FD45190E1B21323500A49D88 /* PXSearchCell.m in Sources */ = {isa = PBXBuildFile; fileRef = FD45190C1B21323500A49D88 /* PXSearchCell.m */; };
		FD45190F1B21323500A49D88 /* PXSearchCell.xib in Resources */ = {isa = PBXBuildFile; fileRef = FD45190D1B21323500A49D88 /* PXSearchCell.xib */; };
		FD4519221B21C46B00A49D88 /* PXDetailViewController.m in Sources */ = {isa = PBXBuildFile; fileRef = FD4519201B21C46B00A49D88 /* PXDetailViewController.m */; };
		FD74078B1B1884F400C6A14C /* PXMainCell.xib in Resources */ = {isa = PBXBuildFile; fileRef = FD74078A1B1884F400C6A14C /* PXMainCell.xib */; };
		FD991CAE1B2586C100E79F12 /* PXRuname2Cell.m in Sources */ = {isa = PBXBuildFile; fileRef = FD991CAC1B2586C100E79F12 /* PXRuname2Cell.m */; };
		FD991CAF1B2586C100E79F12 /* PXRuname2Cell.xib in Resources */ = {isa = PBXBuildFile; fileRef = FD991CAD1B2586C100E79F12 /* PXRuname2Cell.xib */; };
		FD991CB31B258AC400E79F12 /* PXRunameCell.m in Sources */ = {isa = PBXBuildFile; fileRef = FD991CB11B258AC400E79F12 /* PXRunameCell.m */; };
		FD991CB41B258AC400E79F12 /* PXRunameCell.xib in Resources */ = {isa = PBXBuildFile; fileRef = FD991CB21B258AC400E79F12 /* PXRunameCell.xib */; };
		FD991CB71B259F0200E79F12 /* PXRuname2ViewController.m in Sources */ = {isa = PBXBuildFile; fileRef = FD991CB61B259F0200E79F12 /* PXRuname2ViewController.m */; };
		FDE764B61B2A7ABC00CF1F01 /* PXMiMaViewController1.m in Sources */ = {isa = PBXBuildFile; fileRef = FDE764B51B2A7ABC00CF1F01 /* PXMiMaViewController1.m */; };
		FDE764B91B2A7ACB00CF1F01 /* PXMiMaViewController2.m in Sources */ = {isa = PBXBuildFile; fileRef = FDE764B81B2A7ACB00CF1F01 /* PXMiMaViewController2.m */; };
		FDE764BF1B2A89B800CF1F01 /* PXMiMaView1.m in Sources */ = {isa = PBXBuildFile; fileRef = FDE764BD1B2A89B800CF1F01 /* PXMiMaView1.m */; };
		FDE764C01B2A89B800CF1F01 /* PXMiMaView1.xib in Resources */ = {isa = PBXBuildFile; fileRef = FDE764BE1B2A89B800CF1F01 /* PXMiMaView1.xib */; };
		FDE764C41B2A89CD00CF1F01 /* PXMiMaView2.m in Sources */ = {isa = PBXBuildFile; fileRef = FDE764C21B2A89CD00CF1F01 /* PXMiMaView2.m */; };
		FDE764C51B2A89CD00CF1F01 /* PXMiMaView2.xib in Resources */ = {isa = PBXBuildFile; fileRef = FDE764C31B2A89CD00CF1F01 /* PXMiMaView2.xib */; };
		FDE764C91B2ABFD600CF1F01 /* PXAddRunameViewController.m in Sources */ = {isa = PBXBuildFile; fileRef = FDE764C71B2ABFD600CF1F01 /* PXAddRunameViewController.m */; };
		FDE764CE1B2AEFC600CF1F01 /* PXEditRunameViewController.m in Sources */ = {isa = PBXBuildFile; fileRef = FDE764CC1B2AEFC600CF1F01 /* PXEditRunameViewController.m */; };
		FDEAECDC1B134AB200D48EBE /* PXAlerayViewController.m in Sources */ = {isa = PBXBuildFile; fileRef = FDEAECDB1B134AB200D48EBE /* PXAlerayViewController.m */; };
		FDEAECDF1B134AD100D48EBE /* PXUserViewController.m in Sources */ = {isa = PBXBuildFile; fileRef = FDEAECDE1B134AD100D48EBE /* PXUserViewController.m */; };
		FDF0616E1B0EFC6E0075A5CB /* main.m in Sources */ = {isa = PBXBuildFile; fileRef = FDF0616D1B0EFC6E0075A5CB /* main.m */; };
		FDF061711B0EFC6E0075A5CB /* AppDelegate.m in Sources */ = {isa = PBXBuildFile; fileRef = FDF061701B0EFC6E0075A5CB /* AppDelegate.m */; };
		FDF061771B0EFC6E0075A5CB /* Main.storyboard in Resources */ = {isa = PBXBuildFile; fileRef = FDF061751B0EFC6E0075A5CB /* Main.storyboard */; };
		FDF0617C1B0EFC6E0075A5CB /* LaunchScreen.xib in Resources */ = {isa = PBXBuildFile; fileRef = FDF0617A1B0EFC6E0075A5CB /* LaunchScreen.xib */; };
		FDF061881B0EFC6E0075A5CB /* ZhonglieAppTests.m in Sources */ = {isa = PBXBuildFile; fileRef = FDF061871B0EFC6E0075A5CB /* ZhonglieAppTests.m */; };
		FDF061971B0EFEAF0075A5CB /* PXMain.storyboard in Resources */ = {isa = PBXBuildFile; fileRef = FDF061961B0EFEAF0075A5CB /* PXMain.storyboard */; };
		FDFDBC9E1B26C495001C360A /* PXSuccessViewController.m in Sources */ = {isa = PBXBuildFile; fileRef = FDFDBC9D1B26C495001C360A /* PXSuccessViewController.m */; };
		FDFDBCA51B26FE00001C360A /* PXHistoryCell.m in Sources */ = {isa = PBXBuildFile; fileRef = FDFDBCA31B26FE00001C360A /* PXHistoryCell.m */; };
		FDFDBCA61B26FE00001C360A /* PXHistoryCell.xib in Resources */ = {isa = PBXBuildFile; fileRef = FDFDBCA41B26FE00001C360A /* PXHistoryCell.xib */; };
		FDFDBCAE1B282A3B001C360A /* PXUserCenterView.xib in Resources */ = {isa = PBXBuildFile; fileRef = FDFDBCAC1B282A3B001C360A /* PXUserCenterView.xib */; };
		FDFDBCB61B292705001C360A /* PXUserCenterView.m in Sources */ = {isa = PBXBuildFile; fileRef = FDFDBCB51B292705001C360A /* PXUserCenterView.m */; };
		FDFDBCED1B295C11001C360A /* PXYanZhengViewController.m in Sources */ = {isa = PBXBuildFile; fileRef = FDFDBCEC1B295C11001C360A /* PXYanZhengViewController.m */; };
		FDFDBD1F1B299548001C360A /* AFHTTPRequestOperation.m in Sources */ = {isa = PBXBuildFile; fileRef = FDFDBD0D1B299548001C360A /* AFHTTPRequestOperation.m */; };
		FDFDBD201B299548001C360A /* AFHTTPRequestOperationManager.m in Sources */ = {isa = PBXBuildFile; fileRef = FDFDBD0F1B299548001C360A /* AFHTTPRequestOperationManager.m */; };
		FDFDBD211B299548001C360A /* AFHTTPSessionManager.m in Sources */ = {isa = PBXBuildFile; fileRef = FDFDBD111B299548001C360A /* AFHTTPSessionManager.m */; };
		FDFDBD221B299548001C360A /* AFNetworkReachabilityManager.m in Sources */ = {isa = PBXBuildFile; fileRef = FDFDBD141B299548001C360A /* AFNetworkReachabilityManager.m */; };
		FDFDBD231B299548001C360A /* AFSecurityPolicy.m in Sources */ = {isa = PBXBuildFile; fileRef = FDFDBD161B299548001C360A /* AFSecurityPolicy.m */; };
		FDFDBD241B299548001C360A /* AFURLConnectionOperation.m in Sources */ = {isa = PBXBuildFile; fileRef = FDFDBD181B299548001C360A /* AFURLConnectionOperation.m */; };
		FDFDBD251B299548001C360A /* AFURLRequestSerialization.m in Sources */ = {isa = PBXBuildFile; fileRef = FDFDBD1A1B299548001C360A /* AFURLRequestSerialization.m */; };
		FDFDBD261B299548001C360A /* AFURLResponseSerialization.m in Sources */ = {isa = PBXBuildFile; fileRef = FDFDBD1C1B299548001C360A /* AFURLResponseSerialization.m */; };
		FDFDBD271B299548001C360A /* AFURLSessionManager.m in Sources */ = {isa = PBXBuildFile; fileRef = FDFDBD1E1B299548001C360A /* AFURLSessionManager.m */; };
/* End PBXBuildFile section */

/* Begin PBXContainerItemProxy section */
		FDF061821B0EFC6E0075A5CB /* PBXContainerItemProxy */ = {
			isa = PBXContainerItemProxy;
			containerPortal = FDF061601B0EFC6E0075A5CB /* Project object */;
			proxyType = 1;
			remoteGlobalIDString = FDF061671B0EFC6E0075A5CB;
			remoteInfo = ZhonglieApp;
		};
/* End PBXContainerItemProxy section */

/* Begin PBXFileReference section */
		7A1B1A591B17225D009C49E2 /* PXMainCell.h */ = {isa = PBXFileReference; fileEncoding = 4; lastKnownFileType = sourcecode.c.h; path = PXMainCell.h; sourceTree = "<group>"; };
		7A1B1A5A1B17225D009C49E2 /* PXMainCell.m */ = {isa = PBXFileReference; fileEncoding = 4; lastKnownFileType = sourcecode.c.objc; path = PXMainCell.m; sourceTree = "<group>"; };
		7AA145D81B13332F0034E373 /* PXRunameViewController.h */ = {isa = PBXFileReference; fileEncoding = 4; lastKnownFileType = sourcecode.c.h; path = PXRunameViewController.h; sourceTree = "<group>"; };
		FD0DF10E1B1C50EE00FF6BE1 /* UIBarButtonItem+Extension.h */ = {isa = PBXFileReference; fileEncoding = 4; lastKnownFileType = sourcecode.c.h; path = "UIBarButtonItem+Extension.h"; sourceTree = "<group>"; };
		FD0DF10F1B1C50EE00FF6BE1 /* UIBarButtonItem+Extension.m */ = {isa = PBXFileReference; fileEncoding = 4; lastKnownFileType = sourcecode.c.objc; path = "UIBarButtonItem+Extension.m"; sourceTree = "<group>"; };
		FD1178821B185A2D00DAE956 /* PXSearchViewController.h */ = {isa = PBXFileReference; fileEncoding = 4; lastKnownFileType = sourcecode.c.h; name = PXSearchViewController.h; path = View/PXSearchViewController.h; sourceTree = "<group>"; };
		FD1178831B185A2D00DAE956 /* PXSearchViewController.m */ = {isa = PBXFileReference; fileEncoding = 4; lastKnownFileType = sourcecode.c.objc; name = PXSearchViewController.m; path = View/PXSearchViewController.m; sourceTree = "<group>"; };
		FD3E26091B12C6B200901E42 /* Images.xcassets */ = {isa = PBXFileReference; lastKnownFileType = folder.assetcatalog; path = Images.xcassets; sourceTree = "<group>"; };
		FD3E260B1B12EF1B00901E42 /* PXMainViewController.h */ = {isa = PBXFileReference; fileEncoding = 4; lastKnownFileType = sourcecode.c.h; path = PXMainViewController.h; sourceTree = "<group>"; };
		FD3E260C1B12EF1B00901E42 /* PXMainViewController.m */ = {isa = PBXFileReference; fileEncoding = 4; lastKnownFileType = sourcecode.c.objc; path = PXMainViewController.m; sourceTree = "<group>"; };
		FD3F893B1B30154F002210A6 /* PXRuname2ViewController.h */ = {isa = PBXFileReference; lastKnownFileType = sourcecode.c.h; path = PXRuname2ViewController.h; sourceTree = "<group>"; };
		FD3F893C1B3015AB002210A6 /* PXRunameViewController.m */ = {isa = PBXFileReference; fileEncoding = 4; lastKnownFileType = sourcecode.c.objc; path = PXRunameViewController.m; sourceTree = "<group>"; };
		FD4518AB1B1EA15500A49D88 /* PXCityViewController.h */ = {isa = PBXFileReference; fileEncoding = 4; lastKnownFileType = sourcecode.c.h; path = PXCityViewController.h; sourceTree = "<group>"; };
		FD4518AC1B1EA15500A49D88 /* PXCityViewController.m */ = {isa = PBXFileReference; fileEncoding = 4; lastKnownFileType = sourcecode.c.objc; path = PXCityViewController.m; sourceTree = "<group>"; };
		FD4518AE1B1EAE3700A49D88 /* PXDataTools.h */ = {isa = PBXFileReference; fileEncoding = 4; lastKnownFileType = sourcecode.c.h; path = PXDataTools.h; sourceTree = "<group>"; };
		FD4518AF1B1EAE3700A49D88 /* PXDataTools.m */ = {isa = PBXFileReference; fileEncoding = 4; lastKnownFileType = sourcecode.c.objc; path = PXDataTools.m; sourceTree = "<group>"; };
		FD4518B21B1EAFE600A49D88 /* PXCityGroup.h */ = {isa = PBXFileReference; fileEncoding = 4; lastKnownFileType = sourcecode.c.h; path = PXCityGroup.h; sourceTree = "<group>"; };
		FD4518B31B1EAFE600A49D88 /* PXCityGroup.m */ = {isa = PBXFileReference; fileEncoding = 4; lastKnownFileType = sourcecode.c.objc; path = PXCityGroup.m; sourceTree = "<group>"; };
		FD4518B51B1EAFF500A49D88 /* PXCity.h */ = {isa = PBXFileReference; fileEncoding = 4; lastKnownFileType = sourcecode.c.h; path = PXCity.h; sourceTree = "<group>"; };
		FD4518B61B1EAFF500A49D88 /* PXCity.m */ = {isa = PBXFileReference; fileEncoding = 4; lastKnownFileType = sourcecode.c.objc; path = PXCity.m; sourceTree = "<group>"; };
		FD4518C21B1EDF6700A49D88 /* MJConst.h */ = {isa = PBXFileReference; fileEncoding = 4; lastKnownFileType = sourcecode.c.h; path = MJConst.h; sourceTree = "<group>"; };
		FD4518C31B1EDF6700A49D88 /* MJConst.m */ = {isa = PBXFileReference; fileEncoding = 4; lastKnownFileType = sourcecode.c.objc; path = MJConst.m; sourceTree = "<group>"; };
		FD4518C41B1EDF6700A49D88 /* MJExtension.h */ = {isa = PBXFileReference; fileEncoding = 4; lastKnownFileType = sourcecode.c.h; path = MJExtension.h; sourceTree = "<group>"; };
		FD4518C51B1EDF6700A49D88 /* MJFoundation.h */ = {isa = PBXFileReference; fileEncoding = 4; lastKnownFileType = sourcecode.c.h; path = MJFoundation.h; sourceTree = "<group>"; };
		FD4518C61B1EDF6700A49D88 /* MJFoundation.m */ = {isa = PBXFileReference; fileEncoding = 4; lastKnownFileType = sourcecode.c.objc; path = MJFoundation.m; sourceTree = "<group>"; };
		FD4518C71B1EDF6700A49D88 /* MJProperty.h */ = {isa = PBXFileReference; fileEncoding = 4; lastKnownFileType = sourcecode.c.h; path = MJProperty.h; sourceTree = "<group>"; };
		FD4518C81B1EDF6700A49D88 /* MJProperty.m */ = {isa = PBXFileReference; fileEncoding = 4; lastKnownFileType = sourcecode.c.objc; path = MJProperty.m; sourceTree = "<group>"; };
		FD4518C91B1EDF6700A49D88 /* MJType.h */ = {isa = PBXFileReference; fileEncoding = 4; lastKnownFileType = sourcecode.c.h; path = MJType.h; sourceTree = "<group>"; };
		FD4518CA1B1EDF6700A49D88 /* MJType.m */ = {isa = PBXFileReference; fileEncoding = 4; lastKnownFileType = sourcecode.c.objc; path = MJType.m; sourceTree = "<group>"; };
		FD4518CB1B1EDF6700A49D88 /* NSObject+MJCoding.h */ = {isa = PBXFileReference; fileEncoding = 4; lastKnownFileType = sourcecode.c.h; path = "NSObject+MJCoding.h"; sourceTree = "<group>"; };
		FD4518CC1B1EDF6700A49D88 /* NSObject+MJCoding.m */ = {isa = PBXFileReference; fileEncoding = 4; lastKnownFileType = sourcecode.c.objc; path = "NSObject+MJCoding.m"; sourceTree = "<group>"; };
		FD4518CD1B1EDF6700A49D88 /* NSObject+MJKeyValue.h */ = {isa = PBXFileReference; fileEncoding = 4; lastKnownFileType = sourcecode.c.h; path = "NSObject+MJKeyValue.h"; sourceTree = "<group>"; };
		FD4518CE1B1EDF6700A49D88 /* NSObject+MJKeyValue.m */ = {isa = PBXFileReference; fileEncoding = 4; lastKnownFileType = sourcecode.c.objc; path = "NSObject+MJKeyValue.m"; sourceTree = "<group>"; };
		FD4518CF1B1EDF6700A49D88 /* NSObject+MJProperty.h */ = {isa = PBXFileReference; fileEncoding = 4; lastKnownFileType = sourcecode.c.h; path = "NSObject+MJProperty.h"; sourceTree = "<group>"; };
		FD4518D01B1EDF6700A49D88 /* NSObject+MJProperty.m */ = {isa = PBXFileReference; fileEncoding = 4; lastKnownFileType = sourcecode.c.objc; path = "NSObject+MJProperty.m"; sourceTree = "<group>"; };
		FD4518D11B1EDF6700A49D88 /* NSString+MJExtension.h */ = {isa = PBXFileReference; fileEncoding = 4; lastKnownFileType = sourcecode.c.h; path = "NSString+MJExtension.h"; sourceTree = "<group>"; };
		FD4518D21B1EDF6700A49D88 /* NSString+MJExtension.m */ = {isa = PBXFileReference; fileEncoding = 4; lastKnownFileType = sourcecode.c.objc; path = "NSString+MJExtension.m"; sourceTree = "<group>"; };
		FD4518F91B1EE14100A49D88 /* cities.plist */ = {isa = PBXFileReference; fileEncoding = 4; lastKnownFileType = text.plist.xml; path = cities.plist; sourceTree = "<group>"; };
		FD4518FA1B1EE14100A49D88 /* cityGroups.plist */ = {isa = PBXFileReference; fileEncoding = 4; lastKnownFileType = text.plist.xml; path = cityGroups.plist; sourceTree = "<group>"; };
		FD4519001B1EE82000A49D88 /* UIColor+SYExtension.h */ = {isa = PBXFileReference; fileEncoding = 4; lastKnownFileType = sourcecode.c.h; path = "UIColor+SYExtension.h"; sourceTree = "<group>"; };
		FD4519011B1EE82000A49D88 /* UIColor+SYExtension.m */ = {isa = PBXFileReference; fileEncoding = 4; lastKnownFileType = sourcecode.c.objc; path = "UIColor+SYExtension.m"; sourceTree = "<group>"; };
		FD4519061B204B2B00A49D88 /* PXSearchHistoryCell.h */ = {isa = PBXFileReference; fileEncoding = 4; lastKnownFileType = sourcecode.c.h; path = PXSearchHistoryCell.h; sourceTree = "<group>"; };
		FD4519071B204B2B00A49D88 /* PXSearchHistoryCell.m */ = {isa = PBXFileReference; fileEncoding = 4; lastKnownFileType = sourcecode.c.objc; path = PXSearchHistoryCell.m; sourceTree = "<group>"; };
		FD4519081B204B2B00A49D88 /* PXSearchHistoryCell.xib */ = {isa = PBXFileReference; fileEncoding = 4; lastKnownFileType = file.xib; path = PXSearchHistoryCell.xib; sourceTree = "<group>"; };
		FD45190B1B21323500A49D88 /* PXSearchCell.h */ = {isa = PBXFileReference; fileEncoding = 4; lastKnownFileType = sourcecode.c.h; path = PXSearchCell.h; sourceTree = "<group>"; };
		FD45190C1B21323500A49D88 /* PXSearchCell.m */ = {isa = PBXFileReference; fileEncoding = 4; lastKnownFileType = sourcecode.c.objc; path = PXSearchCell.m; sourceTree = "<group>"; };
		FD45190D1B21323500A49D88 /* PXSearchCell.xib */ = {isa = PBXFileReference; fileEncoding = 4; lastKnownFileType = file.xib; path = PXSearchCell.xib; sourceTree = "<group>"; };
		FD45191F1B21C46B00A49D88 /* PXDetailViewController.h */ = {isa = PBXFileReference; fileEncoding = 4; lastKnownFileType = sourcecode.c.h; path = PXDetailViewController.h; sourceTree = "<group>"; };
		FD4519201B21C46B00A49D88 /* PXDetailViewController.m */ = {isa = PBXFileReference; fileEncoding = 4; lastKnownFileType = sourcecode.c.objc; path = PXDetailViewController.m; sourceTree = "<group>"; };
		FD74078A1B1884F400C6A14C /* PXMainCell.xib */ = {isa = PBXFileReference; fileEncoding = 4; lastKnownFileType = file.xib; path = PXMainCell.xib; sourceTree = "<group>"; };
		FD991CAB1B2586C100E79F12 /* PXRuname2Cell.h */ = {isa = PBXFileReference; fileEncoding = 4; lastKnownFileType = sourcecode.c.h; path = PXRuname2Cell.h; sourceTree = "<group>"; };
		FD991CAC1B2586C100E79F12 /* PXRuname2Cell.m */ = {isa = PBXFileReference; fileEncoding = 4; lastKnownFileType = sourcecode.c.objc; path = PXRuname2Cell.m; sourceTree = "<group>"; };
		FD991CAD1B2586C100E79F12 /* PXRuname2Cell.xib */ = {isa = PBXFileReference; fileEncoding = 4; lastKnownFileType = file.xib; path = PXRuname2Cell.xib; sourceTree = "<group>"; };
		FD991CB01B258AC400E79F12 /* PXRunameCell.h */ = {isa = PBXFileReference; fileEncoding = 4; lastKnownFileType = sourcecode.c.h; path = PXRunameCell.h; sourceTree = "<group>"; };
		FD991CB11B258AC400E79F12 /* PXRunameCell.m */ = {isa = PBXFileReference; fileEncoding = 4; lastKnownFileType = sourcecode.c.objc; path = PXRunameCell.m; sourceTree = "<group>"; };
		FD991CB21B258AC400E79F12 /* PXRunameCell.xib */ = {isa = PBXFileReference; fileEncoding = 4; lastKnownFileType = file.xib; path = PXRunameCell.xib; sourceTree = "<group>"; };
		FD991CB61B259F0200E79F12 /* PXRuname2ViewController.m */ = {isa = PBXFileReference; fileEncoding = 4; lastKnownFileType = sourcecode.c.objc; path = PXRuname2ViewController.m; sourceTree = "<group>"; };
		FDE764B41B2A7ABC00CF1F01 /* PXMiMaViewController1.h */ = {isa = PBXFileReference; fileEncoding = 4; lastKnownFileType = sourcecode.c.h; path = PXMiMaViewController1.h; sourceTree = "<group>"; };
		FDE764B51B2A7ABC00CF1F01 /* PXMiMaViewController1.m */ = {isa = PBXFileReference; fileEncoding = 4; lastKnownFileType = sourcecode.c.objc; path = PXMiMaViewController1.m; sourceTree = "<group>"; };
		FDE764B71B2A7ACB00CF1F01 /* PXMiMaViewController2.h */ = {isa = PBXFileReference; fileEncoding = 4; lastKnownFileType = sourcecode.c.h; path = PXMiMaViewController2.h; sourceTree = "<group>"; };
		FDE764B81B2A7ACB00CF1F01 /* PXMiMaViewController2.m */ = {isa = PBXFileReference; fileEncoding = 4; lastKnownFileType = sourcecode.c.objc; path = PXMiMaViewController2.m; sourceTree = "<group>"; };
		FDE764BC1B2A89B800CF1F01 /* PXMiMaView1.h */ = {isa = PBXFileReference; fileEncoding = 4; lastKnownFileType = sourcecode.c.h; path = PXMiMaView1.h; sourceTree = "<group>"; };
		FDE764BD1B2A89B800CF1F01 /* PXMiMaView1.m */ = {isa = PBXFileReference; fileEncoding = 4; lastKnownFileType = sourcecode.c.objc; path = PXMiMaView1.m; sourceTree = "<group>"; };
		FDE764BE1B2A89B800CF1F01 /* PXMiMaView1.xib */ = {isa = PBXFileReference; fileEncoding = 4; lastKnownFileType = file.xib; path = PXMiMaView1.xib; sourceTree = "<group>"; };
		FDE764C11B2A89CD00CF1F01 /* PXMiMaView2.h */ = {isa = PBXFileReference; fileEncoding = 4; lastKnownFileType = sourcecode.c.h; path = PXMiMaView2.h; sourceTree = "<group>"; };
		FDE764C21B2A89CD00CF1F01 /* PXMiMaView2.m */ = {isa = PBXFileReference; fileEncoding = 4; lastKnownFileType = sourcecode.c.objc; path = PXMiMaView2.m; sourceTree = "<group>"; };
		FDE764C31B2A89CD00CF1F01 /* PXMiMaView2.xib */ = {isa = PBXFileReference; fileEncoding = 4; lastKnownFileType = file.xib; path = PXMiMaView2.xib; sourceTree = "<group>"; };
		FDE764C61B2ABFD600CF1F01 /* PXAddRunameViewController.h */ = {isa = PBXFileReference; fileEncoding = 4; lastKnownFileType = sourcecode.c.h; path = PXAddRunameViewController.h; sourceTree = "<group>"; };
		FDE764C71B2ABFD600CF1F01 /* PXAddRunameViewController.m */ = {isa = PBXFileReference; fileEncoding = 4; lastKnownFileType = sourcecode.c.objc; path = PXAddRunameViewController.m; sourceTree = "<group>"; };
		FDE764CB1B2AEFC500CF1F01 /* PXEditRunameViewController.h */ = {isa = PBXFileReference; fileEncoding = 4; lastKnownFileType = sourcecode.c.h; path = PXEditRunameViewController.h; sourceTree = "<group>"; };
		FDE764CC1B2AEFC600CF1F01 /* PXEditRunameViewController.m */ = {isa = PBXFileReference; fileEncoding = 4; lastKnownFileType = sourcecode.c.objc; path = PXEditRunameViewController.m; sourceTree = "<group>"; };
		FDEAECDA1B134AB200D48EBE /* PXAlerayViewController.h */ = {isa = PBXFileReference; fileEncoding = 4; lastKnownFileType = sourcecode.c.h; path = PXAlerayViewController.h; sourceTree = "<group>"; };
		FDEAECDB1B134AB200D48EBE /* PXAlerayViewController.m */ = {isa = PBXFileReference; fileEncoding = 4; lastKnownFileType = sourcecode.c.objc; path = PXAlerayViewController.m; sourceTree = "<group>"; };
		FDEAECDD1B134AD100D48EBE /* PXUserViewController.h */ = {isa = PBXFileReference; fileEncoding = 4; lastKnownFileType = sourcecode.c.h; path = PXUserViewController.h; sourceTree = "<group>"; };
		FDEAECDE1B134AD100D48EBE /* PXUserViewController.m */ = {isa = PBXFileReference; fileEncoding = 4; lastKnownFileType = sourcecode.c.objc; path = PXUserViewController.m; sourceTree = "<group>"; };
		FDF061681B0EFC6E0075A5CB /* ZhonglieApp.app */ = {isa = PBXFileReference; explicitFileType = wrapper.application; includeInIndex = 0; path = ZhonglieApp.app; sourceTree = BUILT_PRODUCTS_DIR; };
		FDF0616C1B0EFC6E0075A5CB /* Info.plist */ = {isa = PBXFileReference; lastKnownFileType = text.plist.xml; path = Info.plist; sourceTree = "<group>"; };
		FDF0616D1B0EFC6E0075A5CB /* main.m */ = {isa = PBXFileReference; lastKnownFileType = sourcecode.c.objc; path = main.m; sourceTree = "<group>"; };
		FDF0616F1B0EFC6E0075A5CB /* AppDelegate.h */ = {isa = PBXFileReference; lastKnownFileType = sourcecode.c.h; path = AppDelegate.h; sourceTree = "<group>"; };
		FDF061701B0EFC6E0075A5CB /* AppDelegate.m */ = {isa = PBXFileReference; lastKnownFileType = sourcecode.c.objc; path = AppDelegate.m; sourceTree = "<group>"; };
		FDF061761B0EFC6E0075A5CB /* Base */ = {isa = PBXFileReference; lastKnownFileType = file.storyboard; name = Base; path = Base.lproj/Main.storyboard; sourceTree = "<group>"; };
		FDF0617B1B0EFC6E0075A5CB /* Base */ = {isa = PBXFileReference; lastKnownFileType = file.xib; name = Base; path = Base.lproj/LaunchScreen.xib; sourceTree = "<group>"; };
		FDF061811B0EFC6E0075A5CB /* ZhonglieAppTests.xctest */ = {isa = PBXFileReference; explicitFileType = wrapper.cfbundle; includeInIndex = 0; path = ZhonglieAppTests.xctest; sourceTree = BUILT_PRODUCTS_DIR; };
		FDF061861B0EFC6E0075A5CB /* Info.plist */ = {isa = PBXFileReference; lastKnownFileType = text.plist.xml; path = Info.plist; sourceTree = "<group>"; };
		FDF061871B0EFC6E0075A5CB /* ZhonglieAppTests.m */ = {isa = PBXFileReference; lastKnownFileType = sourcecode.c.objc; path = ZhonglieAppTests.m; sourceTree = "<group>"; };
		FDF061961B0EFEAF0075A5CB /* PXMain.storyboard */ = {isa = PBXFileReference; fileEncoding = 4; lastKnownFileType = file.storyboard; name = PXMain.storyboard; path = ../PXMain.storyboard; sourceTree = "<group>"; };
		FDFDBC9C1B26C495001C360A /* PXSuccessViewController.h */ = {isa = PBXFileReference; fileEncoding = 4; lastKnownFileType = sourcecode.c.h; path = PXSuccessViewController.h; sourceTree = "<group>"; };
		FDFDBC9D1B26C495001C360A /* PXSuccessViewController.m */ = {isa = PBXFileReference; fileEncoding = 4; lastKnownFileType = sourcecode.c.objc; path = PXSuccessViewController.m; sourceTree = "<group>"; };
		FDFDBCA21B26FE00001C360A /* PXHistoryCell.h */ = {isa = PBXFileReference; fileEncoding = 4; lastKnownFileType = sourcecode.c.h; path = PXHistoryCell.h; sourceTree = "<group>"; };
		FDFDBCA31B26FE00001C360A /* PXHistoryCell.m */ = {isa = PBXFileReference; fileEncoding = 4; lastKnownFileType = sourcecode.c.objc; path = PXHistoryCell.m; sourceTree = "<group>"; };
		FDFDBCA41B26FE00001C360A /* PXHistoryCell.xib */ = {isa = PBXFileReference; fileEncoding = 4; lastKnownFileType = file.xib; path = PXHistoryCell.xib; sourceTree = "<group>"; };
		FDFDBCAC1B282A3B001C360A /* PXUserCenterView.xib */ = {isa = PBXFileReference; fileEncoding = 4; lastKnownFileType = file.xib; path = PXUserCenterView.xib; sourceTree = "<group>"; };
		FDFDBCB41B292705001C360A /* PXUserCenterView.h */ = {isa = PBXFileReference; fileEncoding = 4; lastKnownFileType = sourcecode.c.h; path = PXUserCenterView.h; sourceTree = "<group>"; };
		FDFDBCB51B292705001C360A /* PXUserCenterView.m */ = {isa = PBXFileReference; fileEncoding = 4; lastKnownFileType = sourcecode.c.objc; path = PXUserCenterView.m; sourceTree = "<group>"; };
		FDFDBCEB1B295C11001C360A /* PXYanZhengViewController.h */ = {isa = PBXFileReference; fileEncoding = 4; lastKnownFileType = sourcecode.c.h; path = PXYanZhengViewController.h; sourceTree = "<group>"; };
		FDFDBCEC1B295C11001C360A /* PXYanZhengViewController.m */ = {isa = PBXFileReference; fileEncoding = 4; lastKnownFileType = sourcecode.c.objc; path = PXYanZhengViewController.m; sourceTree = "<group>"; };
		FDFDBD0C1B299548001C360A /* AFHTTPRequestOperation.h */ = {isa = PBXFileReference; fileEncoding = 4; lastKnownFileType = sourcecode.c.h; path = AFHTTPRequestOperation.h; sourceTree = "<group>"; };
		FDFDBD0D1B299548001C360A /* AFHTTPRequestOperation.m */ = {isa = PBXFileReference; fileEncoding = 4; lastKnownFileType = sourcecode.c.objc; path = AFHTTPRequestOperation.m; sourceTree = "<group>"; };
		FDFDBD0E1B299548001C360A /* AFHTTPRequestOperationManager.h */ = {isa = PBXFileReference; fileEncoding = 4; lastKnownFileType = sourcecode.c.h; path = AFHTTPRequestOperationManager.h; sourceTree = "<group>"; };
		FDFDBD0F1B299548001C360A /* AFHTTPRequestOperationManager.m */ = {isa = PBXFileReference; fileEncoding = 4; lastKnownFileType = sourcecode.c.objc; path = AFHTTPRequestOperationManager.m; sourceTree = "<group>"; };
		FDFDBD101B299548001C360A /* AFHTTPSessionManager.h */ = {isa = PBXFileReference; fileEncoding = 4; lastKnownFileType = sourcecode.c.h; path = AFHTTPSessionManager.h; sourceTree = "<group>"; };
		FDFDBD111B299548001C360A /* AFHTTPSessionManager.m */ = {isa = PBXFileReference; fileEncoding = 4; lastKnownFileType = sourcecode.c.objc; path = AFHTTPSessionManager.m; sourceTree = "<group>"; };
		FDFDBD121B299548001C360A /* AFNetworking.h */ = {isa = PBXFileReference; fileEncoding = 4; lastKnownFileType = sourcecode.c.h; path = AFNetworking.h; sourceTree = "<group>"; };
		FDFDBD131B299548001C360A /* AFNetworkReachabilityManager.h */ = {isa = PBXFileReference; fileEncoding = 4; lastKnownFileType = sourcecode.c.h; path = AFNetworkReachabilityManager.h; sourceTree = "<group>"; };
		FDFDBD141B299548001C360A /* AFNetworkReachabilityManager.m */ = {isa = PBXFileReference; fileEncoding = 4; lastKnownFileType = sourcecode.c.objc; path = AFNetworkReachabilityManager.m; sourceTree = "<group>"; };
		FDFDBD151B299548001C360A /* AFSecurityPolicy.h */ = {isa = PBXFileReference; fileEncoding = 4; lastKnownFileType = sourcecode.c.h; path = AFSecurityPolicy.h; sourceTree = "<group>"; };
		FDFDBD161B299548001C360A /* AFSecurityPolicy.m */ = {isa = PBXFileReference; fileEncoding = 4; lastKnownFileType = sourcecode.c.objc; path = AFSecurityPolicy.m; sourceTree = "<group>"; };
		FDFDBD171B299548001C360A /* AFURLConnectionOperation.h */ = {isa = PBXFileReference; fileEncoding = 4; lastKnownFileType = sourcecode.c.h; path = AFURLConnectionOperation.h; sourceTree = "<group>"; };
		FDFDBD181B299548001C360A /* AFURLConnectionOperation.m */ = {isa = PBXFileReference; fileEncoding = 4; lastKnownFileType = sourcecode.c.objc; path = AFURLConnectionOperation.m; sourceTree = "<group>"; };
		FDFDBD191B299548001C360A /* AFURLRequestSerialization.h */ = {isa = PBXFileReference; fileEncoding = 4; lastKnownFileType = sourcecode.c.h; path = AFURLRequestSerialization.h; sourceTree = "<group>"; };
		FDFDBD1A1B299548001C360A /* AFURLRequestSerialization.m */ = {isa = PBXFileReference; fileEncoding = 4; lastKnownFileType = sourcecode.c.objc; path = AFURLRequestSerialization.m; sourceTree = "<group>"; };
		FDFDBD1B1B299548001C360A /* AFURLResponseSerialization.h */ = {isa = PBXFileReference; fileEncoding = 4; lastKnownFileType = sourcecode.c.h; path = AFURLResponseSerialization.h; sourceTree = "<group>"; };
		FDFDBD1C1B299548001C360A /* AFURLResponseSerialization.m */ = {isa = PBXFileReference; fileEncoding = 4; lastKnownFileType = sourcecode.c.objc; path = AFURLResponseSerialization.m; sourceTree = "<group>"; };
		FDFDBD1D1B299548001C360A /* AFURLSessionManager.h */ = {isa = PBXFileReference; fileEncoding = 4; lastKnownFileType = sourcecode.c.h; path = AFURLSessionManager.h; sourceTree = "<group>"; };
		FDFDBD1E1B299548001C360A /* AFURLSessionManager.m */ = {isa = PBXFileReference; fileEncoding = 4; lastKnownFileType = sourcecode.c.objc; path = AFURLSessionManager.m; sourceTree = "<group>"; };
/* End PBXFileReference section */

/* Begin PBXFrameworksBuildPhase section */
		FDF061651B0EFC6E0075A5CB /* Frameworks */ = {
			isa = PBXFrameworksBuildPhase;
			buildActionMask = 2147483647;
			files = (
			);
			runOnlyForDeploymentPostprocessing = 0;
		};
		FDF0617E1B0EFC6E0075A5CB /* Frameworks */ = {
			isa = PBXFrameworksBuildPhase;
			buildActionMask = 2147483647;
			files = (
			);
			runOnlyForDeploymentPostprocessing = 0;
		};
/* End PBXFrameworksBuildPhase section */

/* Begin PBXGroup section */
		7A1B1A581B17223D009C49E2 /* View */ = {
			isa = PBXGroup;
			children = (
				7A1B1A591B17225D009C49E2 /* PXMainCell.h */,
				7A1B1A5A1B17225D009C49E2 /* PXMainCell.m */,
				FDF061961B0EFEAF0075A5CB /* PXMain.storyboard */,
				FD74078A1B1884F400C6A14C /* PXMainCell.xib */,
				FD4519061B204B2B00A49D88 /* PXSearchHistoryCell.h */,
				FD4519071B204B2B00A49D88 /* PXSearchHistoryCell.m */,
				FD4519081B204B2B00A49D88 /* PXSearchHistoryCell.xib */,
				FD45190B1B21323500A49D88 /* PXSearchCell.h */,
				FD45190C1B21323500A49D88 /* PXSearchCell.m */,
				FD45190D1B21323500A49D88 /* PXSearchCell.xib */,
			);
			path = View;
			sourceTree = "<group>";
		};
		FD4518A51B1E9B5B00A49D88 /* Controller */ = {
			isa = PBXGroup;
			children = (
				FD3E260B1B12EF1B00901E42 /* PXMainViewController.h */,
				FD3E260C1B12EF1B00901E42 /* PXMainViewController.m */,
				FD1178821B185A2D00DAE956 /* PXSearchViewController.h */,
				FD1178831B185A2D00DAE956 /* PXSearchViewController.m */,
				FD4518AB1B1EA15500A49D88 /* PXCityViewController.h */,
				FD4518AC1B1EA15500A49D88 /* PXCityViewController.m */,
				FD45191F1B21C46B00A49D88 /* PXDetailViewController.h */,
				FD4519201B21C46B00A49D88 /* PXDetailViewController.m */,
			);
			name = Controller;
			sourceTree = "<group>";
		};
		FD4518B11B1EAE5E00A49D88 /* Model */ = {
			isa = PBXGroup;
			children = (
				FD4518B21B1EAFE600A49D88 /* PXCityGroup.h */,
				FD4518B31B1EAFE600A49D88 /* PXCityGroup.m */,
				FD4518B51B1EAFF500A49D88 /* PXCity.h */,
				FD4518B61B1EAFF500A49D88 /* PXCity.m */,
			);
			name = Model;
			sourceTree = "<group>";
		};
		FD4518C11B1EDF6700A49D88 /* MJExtension */ = {
			isa = PBXGroup;
			children = (
				FD4518C21B1EDF6700A49D88 /* MJConst.h */,
				FD4518C31B1EDF6700A49D88 /* MJConst.m */,
				FD4518C41B1EDF6700A49D88 /* MJExtension.h */,
				FD4518C51B1EDF6700A49D88 /* MJFoundation.h */,
				FD4518C61B1EDF6700A49D88 /* MJFoundation.m */,
				FD4518C71B1EDF6700A49D88 /* MJProperty.h */,
				FD4518C81B1EDF6700A49D88 /* MJProperty.m */,
				FD4518C91B1EDF6700A49D88 /* MJType.h */,
				FD4518CA1B1EDF6700A49D88 /* MJType.m */,
				FD4518CB1B1EDF6700A49D88 /* NSObject+MJCoding.h */,
				FD4518CC1B1EDF6700A49D88 /* NSObject+MJCoding.m */,
				FD4518CD1B1EDF6700A49D88 /* NSObject+MJKeyValue.h */,
				FD4518CE1B1EDF6700A49D88 /* NSObject+MJKeyValue.m */,
				FD4518CF1B1EDF6700A49D88 /* NSObject+MJProperty.h */,
				FD4518D01B1EDF6700A49D88 /* NSObject+MJProperty.m */,
				FD4518D11B1EDF6700A49D88 /* NSString+MJExtension.h */,
				FD4518D21B1EDF6700A49D88 /* NSString+MJExtension.m */,
			);
			path = MJExtension;
			sourceTree = "<group>";
		};
		FD4518F81B1EE14100A49D88 /* Plist */ = {
			isa = PBXGroup;
			children = (
				FD4518F91B1EE14100A49D88 /* cities.plist */,
				FD4518FA1B1EE14100A49D88 /* cityGroups.plist */,
			);
			path = Plist;
			sourceTree = "<group>";
		};
		FD50FACF1B1C9A1C005BD6B8 /* Vender */ = {
			isa = PBXGroup;
			children = (
				FDFDBD0B1B299548001C360A /* AFNetworking */,
				FD4518C11B1EDF6700A49D88 /* MJExtension */,
				FD0DF10E1B1C50EE00FF6BE1 /* UIBarButtonItem+Extension.h */,
				FD0DF10F1B1C50EE00FF6BE1 /* UIBarButtonItem+Extension.m */,
				FD4518AE1B1EAE3700A49D88 /* PXDataTools.h */,
				FD4518AF1B1EAE3700A49D88 /* PXDataTools.m */,
				FD4519001B1EE82000A49D88 /* UIColor+SYExtension.h */,
				FD4519011B1EE82000A49D88 /* UIColor+SYExtension.m */,
			);
			name = Vender;
			sourceTree = "<group>";
		};
		FD7407871B1883AF00C6A14C /* Runame(简历) */ = {
			isa = PBXGroup;
			children = (
				FD991CAA1B25869500E79F12 /* Controller */,
				FD991CA91B25868F00E79F12 /* View */,
				FD991CA81B25868300E79F12 /* Model */,
			);
			name = "Runame(简历)";
			sourceTree = "<group>";
		};
		FD7407881B1883DB00C6A14C /* Aleray(推荐) */ = {
			isa = PBXGroup;
			children = (
				FDFDBC9F1B26FD98001C360A /* Controller */,
				FDFDBCA01B26FDA2001C360A /* View */,
				FDFDBCA11B26FDAD001C360A /* Model */,
			);
			name = "Aleray(推荐)";
			sourceTree = "<group>";
		};
		FD7407891B1883FA00C6A14C /* User(我的) */ = {
			isa = PBXGroup;
			children = (
				FDFDBCA91B282905001C360A /* Controller */,
				FDFDBCA81B2828FC001C360A /* View */,
				FDFDBCA71B2828F3001C360A /* Model */,
			);
			name = "User(我的)";
			sourceTree = "<group>";
		};
		FD991CA81B25868300E79F12 /* Model */ = {
			isa = PBXGroup;
			children = (
			);
			name = Model;
			sourceTree = "<group>";
		};
		FD991CA91B25868F00E79F12 /* View */ = {
			isa = PBXGroup;
			children = (
				FD991CB01B258AC400E79F12 /* PXRunameCell.h */,
				FD991CB11B258AC400E79F12 /* PXRunameCell.m */,
				FD991CB21B258AC400E79F12 /* PXRunameCell.xib */,
				FD991CAB1B2586C100E79F12 /* PXRuname2Cell.h */,
				FD991CAC1B2586C100E79F12 /* PXRuname2Cell.m */,
				FD991CAD1B2586C100E79F12 /* PXRuname2Cell.xib */,
			);
			name = View;
			sourceTree = "<group>";
		};
		FD991CAA1B25869500E79F12 /* Controller */ = {
			isa = PBXGroup;
			children = (
				7AA145D81B13332F0034E373 /* PXRunameViewController.h */,
				FD3F893C1B3015AB002210A6 /* PXRunameViewController.m */,
				FD3F893B1B30154F002210A6 /* PXRuname2ViewController.h */,
				FD991CB61B259F0200E79F12 /* PXRuname2ViewController.m */,
				FDFDBC9C1B26C495001C360A /* PXSuccessViewController.h */,
				FDFDBC9D1B26C495001C360A /* PXSuccessViewController.m */,
				FDE764C61B2ABFD600CF1F01 /* PXAddRunameViewController.h */,
				FDE764C71B2ABFD600CF1F01 /* PXAddRunameViewController.m */,
				FDE764CB1B2AEFC500CF1F01 /* PXEditRunameViewController.h */,
				FDE764CC1B2AEFC600CF1F01 /* PXEditRunameViewController.m */,
			);
			name = Controller;
			sourceTree = "<group>";
		};
		FDF0615F1B0EFC6E0075A5CB = {
			isa = PBXGroup;
			children = (
				FDF0616A1B0EFC6E0075A5CB /* ZhonglieApp */,
				FDF061841B0EFC6E0075A5CB /* ZhonglieAppTests */,
				FDF061691B0EFC6E0075A5CB /* Products */,
			);
			sourceTree = "<group>";
		};
		FDF061691B0EFC6E0075A5CB /* Products */ = {
			isa = PBXGroup;
			children = (
				FDF061681B0EFC6E0075A5CB /* ZhonglieApp.app */,
				FDF061811B0EFC6E0075A5CB /* ZhonglieAppTests.xctest */,
			);
			name = Products;
			sourceTree = "<group>";
		};
		FDF0616A1B0EFC6E0075A5CB /* ZhonglieApp */ = {
			isa = PBXGroup;
			children = (
				FD50FACF1B1C9A1C005BD6B8 /* Vender */,
				FDF061911B0EFCF20075A5CB /* Classes */,
				FDF061921B0EFCFB0075A5CB /* Others */,
				FDF0616B1B0EFC6E0075A5CB /* Supporting Files */,
			);
			path = ZhonglieApp;
			sourceTree = "<group>";
		};
		FDF0616B1B0EFC6E0075A5CB /* Supporting Files */ = {
			isa = PBXGroup;
			children = (
				FD3E26091B12C6B200901E42 /* Images.xcassets */,
				FDF0616C1B0EFC6E0075A5CB /* Info.plist */,
				FDF0616D1B0EFC6E0075A5CB /* main.m */,
			);
			name = "Supporting Files";
			sourceTree = "<group>";
		};
		FDF061841B0EFC6E0075A5CB /* ZhonglieAppTests */ = {
			isa = PBXGroup;
			children = (
				FDF061871B0EFC6E0075A5CB /* ZhonglieAppTests.m */,
				FDF061851B0EFC6E0075A5CB /* Supporting Files */,
			);
			path = ZhonglieAppTests;
			sourceTree = "<group>";
		};
		FDF061851B0EFC6E0075A5CB /* Supporting Files */ = {
			isa = PBXGroup;
			children = (
				FDF061861B0EFC6E0075A5CB /* Info.plist */,
			);
			name = "Supporting Files";
			sourceTree = "<group>";
		};
		FDF061911B0EFCF20075A5CB /* Classes */ = {
			isa = PBXGroup;
			children = (
				FDF061931B0EFDB00075A5CB /* Main(首页) */,
				FD7407891B1883FA00C6A14C /* User(我的) */,
				FD7407881B1883DB00C6A14C /* Aleray(推荐) */,
				FD7407871B1883AF00C6A14C /* Runame(简历) */,
			);
			name = Classes;
			sourceTree = "<group>";
		};
		FDF061921B0EFCFB0075A5CB /* Others */ = {
			isa = PBXGroup;
			children = (
				FD4518F81B1EE14100A49D88 /* Plist */,
				FDF061751B0EFC6E0075A5CB /* Main.storyboard */,
				FDF0616F1B0EFC6E0075A5CB /* AppDelegate.h */,
				FDF061701B0EFC6E0075A5CB /* AppDelegate.m */,
				FDF0617A1B0EFC6E0075A5CB /* LaunchScreen.xib */,
			);
			name = Others;
			sourceTree = "<group>";
		};
		FDF061931B0EFDB00075A5CB /* Main(首页) */ = {
			isa = PBXGroup;
			children = (
				FD4518B11B1EAE5E00A49D88 /* Model */,
				FD4518A51B1E9B5B00A49D88 /* Controller */,
				7A1B1A581B17223D009C49E2 /* View */,
			);
			name = "Main(首页)";
			sourceTree = "<group>";
		};
		FDFDBC9F1B26FD98001C360A /* Controller */ = {
			isa = PBXGroup;
			children = (
				FDEAECDA1B134AB200D48EBE /* PXAlerayViewController.h */,
				FDEAECDB1B134AB200D48EBE /* PXAlerayViewController.m */,
			);
			name = Controller;
			sourceTree = "<group>";
		};
		FDFDBCA01B26FDA2001C360A /* View */ = {
			isa = PBXGroup;
			children = (
				FDFDBCA21B26FE00001C360A /* PXHistoryCell.h */,
				FDFDBCA31B26FE00001C360A /* PXHistoryCell.m */,
				FDFDBCA41B26FE00001C360A /* PXHistoryCell.xib */,
			);
			name = View;
			sourceTree = "<group>";
		};
		FDFDBCA11B26FDAD001C360A /* Model */ = {
			isa = PBXGroup;
			children = (
			);
			name = Model;
			sourceTree = "<group>";
		};
		FDFDBCA71B2828F3001C360A /* Model */ = {
			isa = PBXGroup;
			children = (
			);
			name = Model;
			sourceTree = "<group>";
		};
		FDFDBCA81B2828FC001C360A /* View */ = {
			isa = PBXGroup;
			children = (
				FDFDBCAC1B282A3B001C360A /* PXUserCenterView.xib */,
				FDFDBCB41B292705001C360A /* PXUserCenterView.h */,
				FDFDBCB51B292705001C360A /* PXUserCenterView.m */,
				FDE764BC1B2A89B800CF1F01 /* PXMiMaView1.h */,
				FDE764BD1B2A89B800CF1F01 /* PXMiMaView1.m */,
				FDE764BE1B2A89B800CF1F01 /* PXMiMaView1.xib */,
				FDE764C11B2A89CD00CF1F01 /* PXMiMaView2.h */,
				FDE764C21B2A89CD00CF1F01 /* PXMiMaView2.m */,
				FDE764C31B2A89CD00CF1F01 /* PXMiMaView2.xib */,
			);
			name = View;
			sourceTree = "<group>";
		};
		FDFDBCA91B282905001C360A /* Controller */ = {
			isa = PBXGroup;
			children = (
				FDEAECDD1B134AD100D48EBE /* PXUserViewController.h */,
				FDEAECDE1B134AD100D48EBE /* PXUserViewController.m */,
				FDFDBCEB1B295C11001C360A /* PXYanZhengViewController.h */,
				FDFDBCEC1B295C11001C360A /* PXYanZhengViewController.m */,
				FDE764B41B2A7ABC00CF1F01 /* PXMiMaViewController1.h */,
				FDE764B51B2A7ABC00CF1F01 /* PXMiMaViewController1.m */,
				FDE764B71B2A7ACB00CF1F01 /* PXMiMaViewController2.h */,
				FDE764B81B2A7ACB00CF1F01 /* PXMiMaViewController2.m */,
			);
			name = Controller;
			sourceTree = "<group>";
		};
		FDFDBD0B1B299548001C360A /* AFNetworking */ = {
			isa = PBXGroup;
			children = (
				FDFDBD0C1B299548001C360A /* AFHTTPRequestOperation.h */,
				FDFDBD0D1B299548001C360A /* AFHTTPRequestOperation.m */,
				FDFDBD0E1B299548001C360A /* AFHTTPRequestOperationManager.h */,
				FDFDBD0F1B299548001C360A /* AFHTTPRequestOperationManager.m */,
				FDFDBD101B299548001C360A /* AFHTTPSessionManager.h */,
				FDFDBD111B299548001C360A /* AFHTTPSessionManager.m */,
				FDFDBD121B299548001C360A /* AFNetworking.h */,
				FDFDBD131B299548001C360A /* AFNetworkReachabilityManager.h */,
				FDFDBD141B299548001C360A /* AFNetworkReachabilityManager.m */,
				FDFDBD151B299548001C360A /* AFSecurityPolicy.h */,
				FDFDBD161B299548001C360A /* AFSecurityPolicy.m */,
				FDFDBD171B299548001C360A /* AFURLConnectionOperation.h */,
				FDFDBD181B299548001C360A /* AFURLConnectionOperation.m */,
				FDFDBD191B299548001C360A /* AFURLRequestSerialization.h */,
				FDFDBD1A1B299548001C360A /* AFURLRequestSerialization.m */,
				FDFDBD1B1B299548001C360A /* AFURLResponseSerialization.h */,
				FDFDBD1C1B299548001C360A /* AFURLResponseSerialization.m */,
				FDFDBD1D1B299548001C360A /* AFURLSessionManager.h */,
				FDFDBD1E1B299548001C360A /* AFURLSessionManager.m */,
			);
			path = AFNetworking;
			sourceTree = "<group>";
		};
/* End PBXGroup section */

/* Begin PBXNativeTarget section */
		FDF061671B0EFC6E0075A5CB /* ZhonglieApp */ = {
			isa = PBXNativeTarget;
			buildConfigurationList = FDF0618B1B0EFC6E0075A5CB /* Build configuration list for PBXNativeTarget "ZhonglieApp" */;
			buildPhases = (
				FDF061641B0EFC6E0075A5CB /* Sources */,
				FDF061651B0EFC6E0075A5CB /* Frameworks */,
				FDF061661B0EFC6E0075A5CB /* Resources */,
			);
			buildRules = (
			);
			dependencies = (
			);
			name = ZhonglieApp;
			productName = ZhonglieApp;
			productReference = FDF061681B0EFC6E0075A5CB /* ZhonglieApp.app */;
			productType = "com.apple.product-type.application";
		};
		FDF061801B0EFC6E0075A5CB /* ZhonglieAppTests */ = {
			isa = PBXNativeTarget;
			buildConfigurationList = FDF0618E1B0EFC6E0075A5CB /* Build configuration list for PBXNativeTarget "ZhonglieAppTests" */;
			buildPhases = (
				FDF0617D1B0EFC6E0075A5CB /* Sources */,
				FDF0617E1B0EFC6E0075A5CB /* Frameworks */,
				FDF0617F1B0EFC6E0075A5CB /* Resources */,
			);
			buildRules = (
			);
			dependencies = (
				FDF061831B0EFC6E0075A5CB /* PBXTargetDependency */,
			);
			name = ZhonglieAppTests;
			productName = ZhonglieAppTests;
			productReference = FDF061811B0EFC6E0075A5CB /* ZhonglieAppTests.xctest */;
			productType = "com.apple.product-type.bundle.unit-test";
		};
/* End PBXNativeTarget section */

/* Begin PBXProject section */
		FDF061601B0EFC6E0075A5CB /* Project object */ = {
			isa = PBXProject;
			attributes = {
				CLASSPREFIX = PX;
				LastUpgradeCheck = 0630;
				ORGANIZATIONNAME = PX;
				TargetAttributes = {
					FDF061671B0EFC6E0075A5CB = {
						CreatedOnToolsVersion = 6.3;
					};
					FDF061801B0EFC6E0075A5CB = {
						CreatedOnToolsVersion = 6.3;
						TestTargetID = FDF061671B0EFC6E0075A5CB;
					};
				};
			};
			buildConfigurationList = FDF061631B0EFC6E0075A5CB /* Build configuration list for PBXProject "ZhonglieApp" */;
			compatibilityVersion = "Xcode 3.2";
			developmentRegion = English;
			hasScannedForEncodings = 0;
			knownRegions = (
				en,
				Base,
			);
			mainGroup = FDF0615F1B0EFC6E0075A5CB;
			productRefGroup = FDF061691B0EFC6E0075A5CB /* Products */;
			projectDirPath = "";
			projectRoot = "";
			targets = (
				FDF061671B0EFC6E0075A5CB /* ZhonglieApp */,
				FDF061801B0EFC6E0075A5CB /* ZhonglieAppTests */,
			);
		};
/* End PBXProject section */

/* Begin PBXResourcesBuildPhase section */
		FDF061661B0EFC6E0075A5CB /* Resources */ = {
			isa = PBXResourcesBuildPhase;
			buildActionMask = 2147483647;
			files = (
				FDE764C51B2A89CD00CF1F01 /* PXMiMaView2.xib in Resources */,
				FD45190A1B204B2B00A49D88 /* PXSearchHistoryCell.xib in Resources */,
				FD991CAF1B2586C100E79F12 /* PXRuname2Cell.xib in Resources */,
				FDF061771B0EFC6E0075A5CB /* Main.storyboard in Resources */,
				FD45190F1B21323500A49D88 /* PXSearchCell.xib in Resources */,
				FDE764C01B2A89B800CF1F01 /* PXMiMaView1.xib in Resources */,
				FDFDBCA61B26FE00001C360A /* PXHistoryCell.xib in Resources */,
				FD3E260A1B12C6B200901E42 /* Images.xcassets in Resources */,
				FD991CB41B258AC400E79F12 /* PXRunameCell.xib in Resources */,
				FD4518FC1B1EE14100A49D88 /* cityGroups.plist in Resources */,
				FDF0617C1B0EFC6E0075A5CB /* LaunchScreen.xib in Resources */,
				FD4518FB1B1EE14100A49D88 /* cities.plist in Resources */,
				FDF061971B0EFEAF0075A5CB /* PXMain.storyboard in Resources */,
				FD74078B1B1884F400C6A14C /* PXMainCell.xib in Resources */,
				FDFDBCAE1B282A3B001C360A /* PXUserCenterView.xib in Resources */,
			);
			runOnlyForDeploymentPostprocessing = 0;
		};
		FDF0617F1B0EFC6E0075A5CB /* Resources */ = {
			isa = PBXResourcesBuildPhase;
			buildActionMask = 2147483647;
			files = (
			);
			runOnlyForDeploymentPostprocessing = 0;
		};
/* End PBXResourcesBuildPhase section */

/* Begin PBXSourcesBuildPhase section */
		FDF061641B0EFC6E0075A5CB /* Sources */ = {
			isa = PBXSourcesBuildPhase;
			buildActionMask = 2147483647;
			files = (
				FD45190E1B21323500A49D88 /* PXSearchCell.m in Sources */,
				FD4519021B1EE82000A49D88 /* UIColor+SYExtension.m in Sources */,
				FDE764C91B2ABFD600CF1F01 /* PXAddRunameViewController.m in Sources */,
				FD1178841B185A2D00DAE956 /* PXSearchViewController.m in Sources */,
				FD3F893D1B3015AB002210A6 /* PXRunameViewController.m in Sources */,
				FDFDBD271B299548001C360A /* AFURLSessionManager.m in Sources */,
				FDFDBD211B299548001C360A /* AFHTTPSessionManager.m in Sources */,
				FDF061711B0EFC6E0075A5CB /* AppDelegate.m in Sources */,
				FD4519091B204B2B00A49D88 /* PXSearchHistoryCell.m in Sources */,
				FDFDBD251B299548001C360A /* AFURLRequestSerialization.m in Sources */,
				FDFDBD231B299548001C360A /* AFSecurityPolicy.m in Sources */,
				FD4519221B21C46B00A49D88 /* PXDetailViewController.m in Sources */,
				FD4518D31B1EDF6700A49D88 /* MJConst.m in Sources */,
				FDF0616E1B0EFC6E0075A5CB /* main.m in Sources */,
				7A1B1A5C1B17225D009C49E2 /* PXMainCell.m in Sources */,
				FDFDBD241B299548001C360A /* AFURLConnectionOperation.m in Sources */,
				FD4518D51B1EDF6700A49D88 /* MJProperty.m in Sources */,
				FD4518D81B1EDF6700A49D88 /* NSObject+MJKeyValue.m in Sources */,
				FD4518D41B1EDF6700A49D88 /* MJFoundation.m in Sources */,
				FDE764CE1B2AEFC600CF1F01 /* PXEditRunameViewController.m in Sources */,
				FD4518AD1B1EA15500A49D88 /* PXCityViewController.m in Sources */,
				FDFDBCA51B26FE00001C360A /* PXHistoryCell.m in Sources */,
				FD4518D61B1EDF6700A49D88 /* MJType.m in Sources */,
				FD4518DA1B1EDF6700A49D88 /* NSString+MJExtension.m in Sources */,
				FD991CAE1B2586C100E79F12 /* PXRuname2Cell.m in Sources */,
				FDFDBCED1B295C11001C360A /* PXYanZhengViewController.m in Sources */,
				FD991CB31B258AC400E79F12 /* PXRunameCell.m in Sources */,
				FDEAECDF1B134AD100D48EBE /* PXUserViewController.m in Sources */,
				FDFDBCB61B292705001C360A /* PXUserCenterView.m in Sources */,
				FDFDBC9E1B26C495001C360A /* PXSuccessViewController.m in Sources */,
				FD991CB71B259F0200E79F12 /* PXRuname2ViewController.m in Sources */,
				FD4518B41B1EAFE600A49D88 /* PXCityGroup.m in Sources */,
				FD0DF1101B1C50EE00FF6BE1 /* UIBarButtonItem+Extension.m in Sources */,
				FD4518B71B1EAFF500A49D88 /* PXCity.m in Sources */,
				FD4518D91B1EDF6700A49D88 /* NSObject+MJProperty.m in Sources */,
				FDE764B61B2A7ABC00CF1F01 /* PXMiMaViewController1.m in Sources */,
				FD4518D71B1EDF6700A49D88 /* NSObject+MJCoding.m in Sources */,
				FD4518B01B1EAE3700A49D88 /* PXDataTools.m in Sources */,
				FDE764C41B2A89CD00CF1F01 /* PXMiMaView2.m in Sources */,
				FDFDBD221B299548001C360A /* AFNetworkReachabilityManager.m in Sources */,
				FDE764BF1B2A89B800CF1F01 /* PXMiMaView1.m in Sources */,
				FDEAECDC1B134AB200D48EBE /* PXAlerayViewController.m in Sources */,
				FDE764B91B2A7ACB00CF1F01 /* PXMiMaViewController2.m in Sources */,
				FDFDBD201B299548001C360A /* AFHTTPRequestOperationManager.m in Sources */,
				FDFDBD261B299548001C360A /* AFURLResponseSerialization.m in Sources */,
				FDFDBD1F1B299548001C360A /* AFHTTPRequestOperation.m in Sources */,
				FD3E260D1B12EF1B00901E42 /* PXMainViewController.m in Sources */,
			);
			runOnlyForDeploymentPostprocessing = 0;
		};
		FDF0617D1B0EFC6E0075A5CB /* Sources */ = {
			isa = PBXSourcesBuildPhase;
			buildActionMask = 2147483647;
			files = (
				FDF061881B0EFC6E0075A5CB /* ZhonglieAppTests.m in Sources */,
			);
			runOnlyForDeploymentPostprocessing = 0;
		};
/* End PBXSourcesBuildPhase section */

/* Begin PBXTargetDependency section */
		FDF061831B0EFC6E0075A5CB /* PBXTargetDependency */ = {
			isa = PBXTargetDependency;
			target = FDF061671B0EFC6E0075A5CB /* ZhonglieApp */;
			targetProxy = FDF061821B0EFC6E0075A5CB /* PBXContainerItemProxy */;
		};
/* End PBXTargetDependency section */

/* Begin PBXVariantGroup section */
		FDF061751B0EFC6E0075A5CB /* Main.storyboard */ = {
			isa = PBXVariantGroup;
			children = (
				FDF061761B0EFC6E0075A5CB /* Base */,
			);
			name = Main.storyboard;
			sourceTree = "<group>";
		};
		FDF0617A1B0EFC6E0075A5CB /* LaunchScreen.xib */ = {
			isa = PBXVariantGroup;
			children = (
				FDF0617B1B0EFC6E0075A5CB /* Base */,
			);
			name = LaunchScreen.xib;
			sourceTree = "<group>";
		};
/* End PBXVariantGroup section */

/* Begin XCBuildConfiguration section */
		FDF061891B0EFC6E0075A5CB /* Debug */ = {
			isa = XCBuildConfiguration;
			buildSettings = {
				ALWAYS_SEARCH_USER_PATHS = NO;
				CLANG_CXX_LANGUAGE_STANDARD = "gnu++0x";
				CLANG_CXX_LIBRARY = "libc++";
				CLANG_ENABLE_MODULES = YES;
				CLANG_ENABLE_OBJC_ARC = YES;
				CLANG_WARN_BOOL_CONVERSION = YES;
				CLANG_WARN_CONSTANT_CONVERSION = YES;
				CLANG_WARN_DIRECT_OBJC_ISA_USAGE = YES_ERROR;
				CLANG_WARN_EMPTY_BODY = YES;
				CLANG_WARN_ENUM_CONVERSION = YES;
				CLANG_WARN_INT_CONVERSION = YES;
				CLANG_WARN_OBJC_ROOT_CLASS = YES_ERROR;
				CLANG_WARN_UNREACHABLE_CODE = YES;
				CLANG_WARN__DUPLICATE_METHOD_MATCH = YES;
				"CODE_SIGN_IDENTITY[sdk=iphoneos*]" = "iPhone Developer";
				COPY_PHASE_STRIP = NO;
				DEBUG_INFORMATION_FORMAT = dwarf;
				ENABLE_STRICT_OBJC_MSGSEND = YES;
				GCC_C_LANGUAGE_STANDARD = gnu99;
				GCC_DYNAMIC_NO_PIC = NO;
				GCC_NO_COMMON_BLOCKS = YES;
				GCC_OPTIMIZATION_LEVEL = 0;
				GCC_PREPROCESSOR_DEFINITIONS = (
					"DEBUG=1",
					"$(inherited)",
				);
				GCC_SYMBOLS_PRIVATE_EXTERN = NO;
				GCC_WARN_64_TO_32_BIT_CONVERSION = YES;
				GCC_WARN_ABOUT_RETURN_TYPE = YES_ERROR;
				GCC_WARN_UNDECLARED_SELECTOR = YES;
				GCC_WARN_UNINITIALIZED_AUTOS = YES_AGGRESSIVE;
				GCC_WARN_UNUSED_FUNCTION = YES;
				GCC_WARN_UNUSED_VARIABLE = YES;
				IPHONEOS_DEPLOYMENT_TARGET = 8.3;
				MTL_ENABLE_DEBUG_INFO = YES;
				ONLY_ACTIVE_ARCH = YES;
				SDKROOT = iphoneos;
				TARGETED_DEVICE_FAMILY = "1,2";
			};
			name = Debug;
		};
		FDF0618A1B0EFC6E0075A5CB /* Release */ = {
			isa = XCBuildConfiguration;
			buildSettings = {
				ALWAYS_SEARCH_USER_PATHS = NO;
				CLANG_CXX_LANGUAGE_STANDARD = "gnu++0x";
				CLANG_CXX_LIBRARY = "libc++";
				CLANG_ENABLE_MODULES = YES;
				CLANG_ENABLE_OBJC_ARC = YES;
				CLANG_WARN_BOOL_CONVERSION = YES;
				CLANG_WARN_CONSTANT_CONVERSION = YES;
				CLANG_WARN_DIRECT_OBJC_ISA_USAGE = YES_ERROR;
				CLANG_WARN_EMPTY_BODY = YES;
				CLANG_WARN_ENUM_CONVERSION = YES;
				CLANG_WARN_INT_CONVERSION = YES;
				CLANG_WARN_OBJC_ROOT_CLASS = YES_ERROR;
				CLANG_WARN_UNREACHABLE_CODE = YES;
				CLANG_WARN__DUPLICATE_METHOD_MATCH = YES;
				"CODE_SIGN_IDENTITY[sdk=iphoneos*]" = "iPhone Developer";
				COPY_PHASE_STRIP = NO;
				DEBUG_INFORMATION_FORMAT = "dwarf-with-dsym";
				ENABLE_NS_ASSERTIONS = NO;
				ENABLE_STRICT_OBJC_MSGSEND = YES;
				GCC_C_LANGUAGE_STANDARD = gnu99;
				GCC_NO_COMMON_BLOCKS = YES;
				GCC_WARN_64_TO_32_BIT_CONVERSION = YES;
				GCC_WARN_ABOUT_RETURN_TYPE = YES_ERROR;
				GCC_WARN_UNDECLARED_SELECTOR = YES;
				GCC_WARN_UNINITIALIZED_AUTOS = YES_AGGRESSIVE;
				GCC_WARN_UNUSED_FUNCTION = YES;
				GCC_WARN_UNUSED_VARIABLE = YES;
				IPHONEOS_DEPLOYMENT_TARGET = 8.3;
				MTL_ENABLE_DEBUG_INFO = NO;
				SDKROOT = iphoneos;
				TARGETED_DEVICE_FAMILY = "1,2";
				VALIDATE_PRODUCT = YES;
			};
			name = Release;
		};
		FDF0618C1B0EFC6E0075A5CB /* Debug */ = {
			isa = XCBuildConfiguration;
			buildSettings = {
				ASSETCATALOG_COMPILER_APPICON_NAME = AppIcon;
				ASSETCATALOG_COMPILER_LAUNCHIMAGE_NAME = "LaunchImage-1";
				INFOPLIST_FILE = ZhonglieApp/Info.plist;
				IPHONEOS_DEPLOYMENT_TARGET = 7.0;
				LD_RUNPATH_SEARCH_PATHS = "$(inherited) @executable_path/Frameworks";
				LIBRARY_SEARCH_PATHS = (
					"$(inherited)",
					"$(PROJECT_DIR)/ZhonglieApp",
				);
				PRODUCT_NAME = "$(TARGET_NAME)";
			};
			name = Debug;
		};
		FDF0618D1B0EFC6E0075A5CB /* Release */ = {
			isa = XCBuildConfiguration;
			buildSettings = {
				ASSETCATALOG_COMPILER_APPICON_NAME = AppIcon;
				ASSETCATALOG_COMPILER_LAUNCHIMAGE_NAME = "LaunchImage-1";
				INFOPLIST_FILE = ZhonglieApp/Info.plist;
				IPHONEOS_DEPLOYMENT_TARGET = 7.0;
				LD_RUNPATH_SEARCH_PATHS = "$(inherited) @executable_path/Frameworks";
				LIBRARY_SEARCH_PATHS = (
					"$(inherited)",
					"$(PROJECT_DIR)/ZhonglieApp",
				);
				PRODUCT_NAME = "$(TARGET_NAME)";
			};
			name = Release;
		};
		FDF0618F1B0EFC6E0075A5CB /* Debug */ = {
			isa = XCBuildConfiguration;
			buildSettings = {
				BUNDLE_LOADER = "$(TEST_HOST)";
				FRAMEWORK_SEARCH_PATHS = (
					"$(SDKROOT)/Developer/Library/Frameworks",
					"$(inherited)",
				);
				GCC_PREPROCESSOR_DEFINITIONS = (
					"DEBUG=1",
					"$(inherited)",
				);
				INFOPLIST_FILE = ZhonglieAppTests/Info.plist;
				LD_RUNPATH_SEARCH_PATHS = "$(inherited) @executable_path/Frameworks @loader_path/Frameworks";
				PRODUCT_NAME = "$(TARGET_NAME)";
				TEST_HOST = "$(BUILT_PRODUCTS_DIR)/ZhonglieApp.app/ZhonglieApp";
			};
			name = Debug;
		};
		FDF061901B0EFC6E0075A5CB /* Release */ = {
			isa = XCBuildConfiguration;
			buildSettings = {
				BUNDLE_LOADER = "$(TEST_HOST)";
				FRAMEWORK_SEARCH_PATHS = (
					"$(SDKROOT)/Developer/Library/Frameworks",
					"$(inherited)",
				);
				INFOPLIST_FILE = ZhonglieAppTests/Info.plist;
				LD_RUNPATH_SEARCH_PATHS = "$(inherited) @executable_path/Frameworks @loader_path/Frameworks";
				PRODUCT_NAME = "$(TARGET_NAME)";
				TEST_HOST = "$(BUILT_PRODUCTS_DIR)/ZhonglieApp.app/ZhonglieApp";
			};
			name = Release;
		};
/* End XCBuildConfiguration section */

/* Begin XCConfigurationList section */
		FDF061631B0EFC6E0075A5CB /* Build configuration list for PBXProject "ZhonglieApp" */ = {
			isa = XCConfigurationList;
			buildConfigurations = (
				FDF061891B0EFC6E0075A5CB /* Debug */,
				FDF0618A1B0EFC6E0075A5CB /* Release */,
			);
			defaultConfigurationIsVisible = 0;
			defaultConfigurationName = Release;
		};
		FDF0618B1B0EFC6E0075A5CB /* Build configuration list for PBXNativeTarget "ZhonglieApp" */ = {
			isa = XCConfigurationList;
			buildConfigurations = (
				FDF0618C1B0EFC6E0075A5CB /* Debug */,
				FDF0618D1B0EFC6E0075A5CB /* Release */,
			);
			defaultConfigurationIsVisible = 0;
			defaultConfigurationName = Release;
		};
		FDF0618E1B0EFC6E0075A5CB /* Build configuration list for PBXNativeTarget "ZhonglieAppTests" */ = {
			isa = XCConfigurationList;
			buildConfigurations = (
				FDF0618F1B0EFC6E0075A5CB /* Debug */,
				FDF061901B0EFC6E0075A5CB /* Release */,
			);
			defaultConfigurationIsVisible = 0;
			defaultConfigurationName = Release;
		};
/* End XCConfigurationList section */
	};
	rootObject = FDF061601B0EFC6E0075A5CB /* Project object */;
}
